
Microsoft Visual Studio Solution File, Format Version 12.00
# Visual Studio Version 16
VisualStudioVersion = 16.0.30413.136
MinimumVisualStudioVersion = 10.0.40219.1
Project("{FAE04EC0-301F-11D3-BF4B-00C04F79EFBC}") = "HrTetris", "HrTetris.csproj", "{D9CDCFF7-C546-4DF9-A919-F7AD1F7BBD46}"
EndProject
Global
	GlobalSection(SolutionConfigurationPlatforms) = preSolution
		Debug|Any CPU = Debug|Any CPU
		Release|Any CPU = Release|Any CPU
	EndGlobalSection
	GlobalSection(ProjectConfigurationPlatforms) = postSolution
		{D9CDCFF7-C546-4DF9-A919-F7AD1F7BBD46}.Debug|Any CPU.ActiveCfg = Debug|Any CPU
		{D9CDCFF7-C546-4DF9-A919-F7AD1F7BBD46}.Debug|Any CPU.Build.0 = Debug|Any CPU
		{D9CDCFF7-C546-4DF9-A919-F7AD1F7BBD46}.Release|Any CPU.ActiveCfg = Release|Any CPU
		{D9CDCFF7-C546-4DF9-A919-F7AD1F7BBD46}.Release|Any CPU.Build.0 = Release|Any CPU
	EndGlobalSection
	GlobalSection(SolutionProperties) = preSolution
		HideSolutionNode = FALSE
	EndGlobalSection
	GlobalSection(ExtensibilityGlobals) = postSolution
		SolutionGuid = {83FCF87C-31EB-429E-ADDB-D4503BD2E2E9}
	EndGlobalSection
EndGlobal
